
Microsoft Visual Studio Solution File, Format Version 12.00
# Visual Studio Version 17
VisualStudioVersion = 17.12.35527.113
MinimumVisualStudioVersion = 10.0.40219.1
Project("{FAE04EC0-301F-11D3-BF4B-00C04F79EFBC}") = "AppDomainWrapper", "AppDomainWrapper\AppDomainWrapper.csproj", "{305E75B5-1558-459A-A16C-C9F9AE02B5F7}"
EndProject
Project("{FAE04EC0-301F-11D3-BF4B-00C04F79EFBC}") = "AppDomainWrapper.Tests", "..\AppDomainWrapper.Tests\AppDomainWrapper.Tests.csproj", "{93928838-0FA5-47EE-8CB4-AD80DA22A058}"
EndProject
Global
	GlobalSection(SolutionConfigurationPlatforms) = preSolution
		Debug|Any CPU = Debug|Any CPU
		Release|Any CPU = Release|Any CPU
	EndGlobalSection
	GlobalSection(ProjectConfigurationPlatforms) = postSolution
		{305E75B5-1558-459A-A16C-C9F9AE02B5F7}.Debug|Any CPU.ActiveCfg = Debug|Any CPU
		{305E75B5-1558-459A-A16C-C9F9AE02B5F7}.Debug|Any CPU.Build.0 = Debug|Any CPU
		{305E75B5-1558-459A-A16C-C9F9AE02B5F7}.Release|Any CPU.ActiveCfg = Release|Any CPU
		{305E75B5-1558-459A-A16C-C9F9AE02B5F7}.Release|Any CPU.Build.0 = Release|Any CPU
		{93928838-0FA5-47EE-8CB4-AD80DA22A058}.Debug|Any CPU.ActiveCfg = Debug|Any CPU
		{93928838-0FA5-47EE-8CB4-AD80DA22A058}.Debug|Any CPU.Build.0 = Debug|Any CPU
		{93928838-0FA5-47EE-8CB4-AD80DA22A058}.Release|Any CPU.ActiveCfg = Release|Any CPU
		{93928838-0FA5-47EE-8CB4-AD80DA22A058}.Release|Any CPU.Build.0 = Release|Any CPU
	EndGlobalSection
	GlobalSection(SolutionProperties) = preSolution
		HideSolutionNode = FALSE
	EndGlobalSection
EndGlobal
